{
  "name": "space-engine-node",
  "version": "1.0.0",
  "lockfileVersion": 1,
  "requires": true,
  "dependencies": {
    "nats": {
      "version": "1.0.1",
      "resolved": "https://registry.npmjs.org/nats/-/nats-1.0.1.tgz",
      "integrity": "sha512-FpvmGwCNcKxujBAd+wUkiIx9IjsOETj224PositBx/KYqlQtICY9ZwBLIiMstndwuiSXm132VhN1HV+m+WSbtg==",
      "requires": {
        "nuid": "1.0.0"
      }
    },
    "node-fetch": {
      "version": "2.2.0",
      "resolved": "https://registry.npmjs.org/node-fetch/-/node-fetch-2.2.0.tgz",
      "integrity": "sha512-OayFWziIxiHY8bCUyLX6sTpDH8Jsbp4FfYd1j1f7vZyfgkcOnAyM4oQR16f8a0s7Gl/viMGRey8eScYk4V4EZA=="
    },
    "nuid": {
      "version": "1.0.0",
      "resolved": "https://registry.npmjs.org/nuid/-/nuid-1.0.0.tgz",
      "integrity": "sha512-046ukkoG8NXjiJMpQYLpGhYJIXJlClt2rDlnubCXN1/pztO/YTD2WkhyBZsEADsUwVtVMv5UmC0B2QrT5sZiDQ=="
    }
  }
}
